
Microsoft Visual Studio Solution File, Format Version 12.00
# Visual Studio Version 17
VisualStudioVersion = 17.6.33815.320
MinimumVisualStudioVersion = 10.0.40219.1
Project("{9A19103F-16F7-4668-BE54-9A1E7A4F7556}") = "UrlShortenerMVC.UnitTests", "UrlShortenerMVC.UnitTests\UrlShortenerMVC.UnitTests.csproj", "{D8215AC1-9C9B-46C5-A259-ABC8D34106B3}"
EndProject
Project("{9A19103F-16F7-4668-BE54-9A1E7A4F7556}") = "UrlShortenerMVC", "UrlShortenerMVC\UrlShortenerMVC.csproj", "{8722AB82-DE58-4DBC-AED3-D3E6F9859102}"
EndProject
Project("{FAE04EC0-301F-11D3-BF4B-00C04F79EFBC}") = "UrlShortener.ObjectModel", "UrlShortener.ObjectModel\UrlShortener.ObjectModel.csproj", "{7F125A2A-9279-4A53-9E42-5894C1FFB57A}"
EndProject
Project("{FAE04EC0-301F-11D3-BF4B-00C04F79EFBC}") = "UrlShortener.Services", "UrlShortener.Services\UrlShortener.Services.csproj", "{C8B1FF15-9F7B-497A-8530-A4A9574C0846}"
EndProject
Project("{FAE04EC0-301F-11D3-BF4B-00C04F79EFBC}") = "UrlShortenerDataAccess", "UrlShortenerDataAccess\UrlShortenerDataAccess.csproj", "{5A36A433-EF22-4370-B234-E661645DBCFD}"
EndProject
Global
	GlobalSection(SolutionConfigurationPlatforms) = preSolution
		Debug|Any CPU = Debug|Any CPU
		Release|Any CPU = Release|Any CPU
	EndGlobalSection
	GlobalSection(ProjectConfigurationPlatforms) = postSolution
		{D8215AC1-9C9B-46C5-A259-ABC8D34106B3}.Debug|Any CPU.ActiveCfg = Debug|Any CPU
		{D8215AC1-9C9B-46C5-A259-ABC8D34106B3}.Debug|Any CPU.Build.0 = Debug|Any CPU
		{D8215AC1-9C9B-46C5-A259-ABC8D34106B3}.Release|Any CPU.ActiveCfg = Release|Any CPU
		{D8215AC1-9C9B-46C5-A259-ABC8D34106B3}.Release|Any CPU.Build.0 = Release|Any CPU
		{8722AB82-DE58-4DBC-AED3-D3E6F9859102}.Debug|Any CPU.ActiveCfg = Debug|Any CPU
		{8722AB82-DE58-4DBC-AED3-D3E6F9859102}.Debug|Any CPU.Build.0 = Debug|Any CPU
		{8722AB82-DE58-4DBC-AED3-D3E6F9859102}.Release|Any CPU.ActiveCfg = Release|Any CPU
		{8722AB82-DE58-4DBC-AED3-D3E6F9859102}.Release|Any CPU.Build.0 = Release|Any CPU
		{7F125A2A-9279-4A53-9E42-5894C1FFB57A}.Debug|Any CPU.ActiveCfg = Debug|Any CPU
		{7F125A2A-9279-4A53-9E42-5894C1FFB57A}.Debug|Any CPU.Build.0 = Debug|Any CPU
		{7F125A2A-9279-4A53-9E42-5894C1FFB57A}.Release|Any CPU.ActiveCfg = Release|Any CPU
		{7F125A2A-9279-4A53-9E42-5894C1FFB57A}.Release|Any CPU.Build.0 = Release|Any CPU
		{C8B1FF15-9F7B-497A-8530-A4A9574C0846}.Debug|Any CPU.ActiveCfg = Debug|Any CPU
		{C8B1FF15-9F7B-497A-8530-A4A9574C0846}.Debug|Any CPU.Build.0 = Debug|Any CPU
		{C8B1FF15-9F7B-497A-8530-A4A9574C0846}.Release|Any CPU.ActiveCfg = Release|Any CPU
		{C8B1FF15-9F7B-497A-8530-A4A9574C0846}.Release|Any CPU.Build.0 = Release|Any CPU
		{5A36A433-EF22-4370-B234-E661645DBCFD}.Debug|Any CPU.ActiveCfg = Debug|Any CPU
		{5A36A433-EF22-4370-B234-E661645DBCFD}.Debug|Any CPU.Build.0 = Debug|Any CPU
		{5A36A433-EF22-4370-B234-E661645DBCFD}.Release|Any CPU.ActiveCfg = Release|Any CPU
		{5A36A433-EF22-4370-B234-E661645DBCFD}.Release|Any CPU.Build.0 = Release|Any CPU
	EndGlobalSection
	GlobalSection(SolutionProperties) = preSolution
		HideSolutionNode = FALSE
	EndGlobalSection
	GlobalSection(ExtensibilityGlobals) = postSolution
		SolutionGuid = {32015EA6-51C0-4ABC-A053-B7555FA49C13}
	EndGlobalSection
EndGlobal
